
Microsoft Visual Studio Solution File, Format Version 12.00
# Visual Studio 15
VisualStudioVersion = 15.0.28010.2003
MinimumVisualStudioVersion = 10.0.40219.1
Project("{FAE04EC0-301F-11D3-BF4B-00C04F79EFBC}") = "Questionnaire", "Questionnaire\Questionnaire.csproj", "{B1241C9C-9DF6-4704-8EAC-2E87A67C3D9E}"
EndProject
Global
	GlobalSection(SolutionConfigurationPlatforms) = preSolution
		Debug|Any CPU = Debug|Any CPU
		Release|Any CPU = Release|Any CPU
	EndGlobalSection
	GlobalSection(ProjectConfigurationPlatforms) = postSolution
		{B1241C9C-9DF6-4704-8EAC-2E87A67C3D9E}.Debug|Any CPU.ActiveCfg = Debug|Any CPU
		{B1241C9C-9DF6-4704-8EAC-2E87A67C3D9E}.Debug|Any CPU.Build.0 = Debug|Any CPU
		{B1241C9C-9DF6-4704-8EAC-2E87A67C3D9E}.Release|Any CPU.ActiveCfg = Release|Any CPU
		{B1241C9C-9DF6-4704-8EAC-2E87A67C3D9E}.Release|Any CPU.Build.0 = Release|Any CPU
	EndGlobalSection
	GlobalSection(SolutionProperties) = preSolution
		HideSolutionNode = FALSE
	EndGlobalSection
	GlobalSection(ExtensibilityGlobals) = postSolution
		SolutionGuid = {83E02369-7AB6-4666-AFCB-2CF3B1DC0405}
	EndGlobalSection
EndGlobal
